PODS:
  - camera (0.0.1):
    - Flutter
  - connectivity (0.0.1):
    - Flutter
    - Reachability
  - device_info (0.0.1):
    - Flutter
  - Flutter (1.0.0)
  - fluttertoast (0.0.2):
    - Flutter
  - image_picker (0.0.1):
    - Flutter
  - path_provider (0.0.1):
    - Flutter
  - permission (0.0.1):
    - Flutter
  - Reachability (3.2)
  - shared_preferences (0.0.1):
    - Flutter
  - video_player (0.0.1):
    - Flutter

DEPENDENCIES:
  - camera (from `.symlinks/plugins/camera/ios`)
  - connectivity (from `.symlinks/plugins/connectivity/ios`)
  - device_info (from `.symlinks/plugins/device_info/ios`)
  - Flutter (from `.symlinks/flutter/ios`)
  - fluttertoast (from `.symlinks/plugins/fluttertoast/ios`)
  - image_picker (from `.symlinks/plugins/image_picker/ios`)
  - path_provider (from `.symlinks/plugins/path_provider/ios`)
  - permission (from `.symlinks/plugins/permission/ios`)
  - shared_preferences (from `.symlinks/plugins/shared_preferences/ios`)
  - video_player (from `.symlinks/plugins/video_player/ios`)

SPEC REPOS:
  https://github.com/cocoapods/specs.git:
    - Reachability

EXTERNAL SOURCES:
  camera:
    :path: ".symlinks/plugins/camera/ios"
  connectivity:
    :path: ".symlinks/plugins/connectivity/ios"
  device_info:
    :path: ".symlinks/plugins/device_info/ios"
  Flutter:
    :path: ".symlinks/flutter/ios"
  fluttertoast:
    :path: ".symlinks/plugins/fluttertoast/ios"
  image_picker:
    :path: ".symlinks/plugins/image_picker/ios"
  path_provider:
    :path: ".symlinks/plugins/path_provider/ios"
  permission:
    :path: ".symlinks/plugins/permission/ios"
  shared_preferences:
    :path: ".symlinks/plugins/shared_preferences/ios"
  video_player:
    :path: ".symlinks/plugins/video_player/ios"

SPEC CHECKSUMS:
  camera: be01db3b2193839f9af56a9db99b7fea444d35f3
  connectivity: d5992e3758d68b1c4b12d6e012fe0813f1aa1645
  device_info: 76ce0b32e13034d1883be4a382433648f9dcee63
  Flutter: 9d0fac939486c9aba2809b7982dfdbb47a7b0296
  fluttertoast: 0a20dcbbb8ecfd1a61b6285651ff2d5989d033fb
  image_picker: 86b84c4fe89267356a1f17297a45b5d317ebd2e7
  path_provider: 09407919825bfe3c2deae39453b7a5b44f467873
  permission: 3781bb5a85794b350fa6d978f702abe4d87ff2d9
  Reachability: 33e18b67625424e47b6cde6d202dce689ad7af96
  shared_preferences: 5a1d487c427ee18fcd3ea1f2a131569481834b53
  video_player: 906796a841943c8d370ac7c13b18039aa9b56498

PODFILE CHECKSUM: aff02bfeed411c636180d6812254b2daeea14d09

COCOAPODS: 1.5.3
